
Microsoft Visual Studio Solution File, Format Version 12.00
# Visual Studio 15
VisualStudioVersion = 15.0.28307.136
MinimumVisualStudioVersion = 10.0.40219.1
Project("{8BC9CEB8-8B4A-11D0-8D11-00A0C91BC942}") = "KakuNu", "KakuNu\KakuNu.vcxproj", "{F899390B-A493-412F-BAE9-3C57923C4C71}"
EndProject
Project("{8BC9CEB8-8B4A-11D0-8D11-00A0C91BC942}") = "KakuSend", "KakuSend\KakuSend.vcxproj", "{8A682AA5-ED36-4593-B4AA-D5A72B3BAD18}"
EndProject
Global
	GlobalSection(SolutionConfigurationPlatforms) = preSolution
		Debug|ARM = Debug|ARM
		Release|ARM = Release|ARM
	EndGlobalSection
	GlobalSection(ProjectConfigurationPlatforms) = postSolution
		{F899390B-A493-412F-BAE9-3C57923C4C71}.Debug|ARM.ActiveCfg = Debug|ARM
		{F899390B-A493-412F-BAE9-3C57923C4C71}.Debug|ARM.Build.0 = Debug|ARM
		{F899390B-A493-412F-BAE9-3C57923C4C71}.Release|ARM.ActiveCfg = Release|ARM
		{F899390B-A493-412F-BAE9-3C57923C4C71}.Release|ARM.Build.0 = Release|ARM
		{8A682AA5-ED36-4593-B4AA-D5A72B3BAD18}.Debug|ARM.ActiveCfg = Debug|ARM
		{8A682AA5-ED36-4593-B4AA-D5A72B3BAD18}.Debug|ARM.Build.0 = Debug|ARM
		{8A682AA5-ED36-4593-B4AA-D5A72B3BAD18}.Release|ARM.ActiveCfg = Release|ARM
		{8A682AA5-ED36-4593-B4AA-D5A72B3BAD18}.Release|ARM.Build.0 = Release|ARM
	EndGlobalSection
	GlobalSection(SolutionProperties) = preSolution
		HideSolutionNode = FALSE
	EndGlobalSection
	GlobalSection(ExtensibilityGlobals) = postSolution
		SolutionGuid = {F13DACC1-20D8-4E33-9E72-16716D7989E5}
	EndGlobalSection
EndGlobal
